
Microsoft Visual Studio Solution File, Format Version 12.00
# Visual Studio Version 17
VisualStudioVersion = 17.4.33205.214
MinimumVisualStudioVersion = 10.0.40219.1
Project("{FAE04EC0-301F-11D3-BF4B-00C04F79EFBC}") = "Match3", "Match3\Match3.csproj", "{F17207F4-B101-4496-9E25-6D7232077AA5}"
EndProject
Global
	GlobalSection(SolutionConfigurationPlatforms) = preSolution
		Debug|Any CPU = Debug|Any CPU
		Release|Any CPU = Release|Any CPU
	EndGlobalSection
	GlobalSection(ProjectConfigurationPlatforms) = postSolution
		{F17207F4-B101-4496-9E25-6D7232077AA5}.Debug|Any CPU.ActiveCfg = Debug|Any CPU
		{F17207F4-B101-4496-9E25-6D7232077AA5}.Debug|Any CPU.Build.0 = Debug|Any CPU
		{F17207F4-B101-4496-9E25-6D7232077AA5}.Release|Any CPU.ActiveCfg = Release|Any CPU
		{F17207F4-B101-4496-9E25-6D7232077AA5}.Release|Any CPU.Build.0 = Release|Any CPU
	EndGlobalSection
	GlobalSection(SolutionProperties) = preSolution
		HideSolutionNode = FALSE
	EndGlobalSection
	GlobalSection(ExtensibilityGlobals) = postSolution
		SolutionGuid = {84F2B678-F1C9-4764-A517-CF8F91CE87D4}
	EndGlobalSection
EndGlobal
